
Microsoft Visual Studio Solution File, Format Version 12.00
Project("{FAE04EC0-301F-11D3-BF4B-00C04F79EFBC}") = "Play.Catalog.Service", "Play.Catalog.Service\Play.Catalog.Service.csproj", "{B4C07DAB-304B-40BB-9697-105E5F4D5475}"
EndProject
Global
	GlobalSection(SolutionConfigurationPlatforms) = preSolution
		Debug|Any CPU = Debug|Any CPU
		Release|Any CPU = Release|Any CPU
	EndGlobalSection
	GlobalSection(ProjectConfigurationPlatforms) = postSolution
		{B4C07DAB-304B-40BB-9697-105E5F4D5475}.Debug|Any CPU.ActiveCfg = Debug|Any CPU
		{B4C07DAB-304B-40BB-9697-105E5F4D5475}.Debug|Any CPU.Build.0 = Debug|Any CPU
		{B4C07DAB-304B-40BB-9697-105E5F4D5475}.Release|Any CPU.ActiveCfg = Release|Any CPU
		{B4C07DAB-304B-40BB-9697-105E5F4D5475}.Release|Any CPU.Build.0 = Release|Any CPU
	EndGlobalSection
EndGlobal
